
Microsoft Visual Studio Solution File, Format Version 12.00
# Visual Studio 15
VisualStudioVersion = 15.0.27428.1
MinimumVisualStudioVersion = 10.0.40219.1
Project("{FAE04EC0-301F-11D3-BF4B-00C04F79EFBC}") = "MultecPlugin", "MultecPlugin\MultecPlugin.csproj", "{21B782A5-B153-43EA-9C3C-F79D821D0A82}"
EndProject
Project("{FAE04EC0-301F-11D3-BF4B-00C04F79EFBC}") = "MyCustomButton", "MyCustomButton\MyCustomButton.csproj", "{079884E9-C9EF-4BF0-8690-631964EB4A53}"
EndProject
Global
	GlobalSection(SolutionConfigurationPlatforms) = preSolution
		Debug|Any CPU = Debug|Any CPU
		Release|Any CPU = Release|Any CPU
	EndGlobalSection
	GlobalSection(ProjectConfigurationPlatforms) = postSolution
		{21B782A5-B153-43EA-9C3C-F79D821D0A82}.Debug|Any CPU.ActiveCfg = Debug|Any CPU
		{21B782A5-B153-43EA-9C3C-F79D821D0A82}.Debug|Any CPU.Build.0 = Debug|Any CPU
		{21B782A5-B153-43EA-9C3C-F79D821D0A82}.Release|Any CPU.ActiveCfg = Release|Any CPU
		{21B782A5-B153-43EA-9C3C-F79D821D0A82}.Release|Any CPU.Build.0 = Release|Any CPU
		{079884E9-C9EF-4BF0-8690-631964EB4A53}.Debug|Any CPU.ActiveCfg = Debug|Any CPU
		{079884E9-C9EF-4BF0-8690-631964EB4A53}.Debug|Any CPU.Build.0 = Debug|Any CPU
		{079884E9-C9EF-4BF0-8690-631964EB4A53}.Release|Any CPU.ActiveCfg = Release|Any CPU
		{079884E9-C9EF-4BF0-8690-631964EB4A53}.Release|Any CPU.Build.0 = Release|Any CPU
	EndGlobalSection
	GlobalSection(SolutionProperties) = preSolution
		HideSolutionNode = FALSE
	EndGlobalSection
	GlobalSection(ExtensibilityGlobals) = postSolution
		SolutionGuid = {B25DC43B-24B0-4960-898A-A53FE2A34FCB}
	EndGlobalSection
EndGlobal
